{
  "name": "tardisjs-site",
  "version": "0.1.0",
  "lockfileVersion": 3,
  "requires": true,
  "packages": {
    "": {
      "name": "tardisjs-site",
      "version": "0.1.0",
      "dependencies": {
        "@devansharora18/tardisjs": "file:.."
      }
    },
    "..": {
      "name": "@devansharora18/tardisjs",
      "version": "0.0.12",
      "license": "MIT",
      "dependencies": {
        "chokidar": "^3.0.0",
        "commander": "^12.0.0",
        "typescript": "^5.0.0",
        "ws": "^8.20.0"
      },
      "bin": {
        "create-tardis-app": "dist/bin/create-tardis-app.js",
        "tardis": "dist/bin/tardis.js"
      },
      "devDependencies": {
        "@rollup/plugin-typescript": "^11.0.0",
        "@types/ws": "^8.18.1",
        "jsdom": "^29.0.1",
        "rollup": "^4.0.0",
        "tslib": "^2.0.0",
        "vitest": "^1.0.0"
      }
    },
    "node_modules/@devansharora18/tardisjs": {
      "resolved": "..",
      "link": true
    }
  }
}
